
Microsoft Visual Studio Solution File, Format Version 12.00
# Visual Studio 15
VisualStudioVersion = 15.0.26228.9
MinimumVisualStudioVersion = 10.0.40219.1
Project("{E24C65DC-7377-472B-9ABA-BC803B73C61A}") = "timer", ".", "{747889FC-BFB5-4284-BD17-90447505B304}"
	ProjectSection(WebsiteProperties) = preProject
		TargetFrameworkMoniker = ".NETFramework,Version%3Dv4.5.2"
		Debug.AspNetCompiler.VirtualPath = "/localhost_50361"
		Debug.AspNetCompiler.PhysicalPath = "..\timer\"
		Debug.AspNetCompiler.TargetPath = "PrecompiledWeb\localhost_50361\"
		Debug.AspNetCompiler.Updateable = "true"
		Debug.AspNetCompiler.ForceOverwrite = "true"
		Debug.AspNetCompiler.FixedNames = "false"
		Debug.AspNetCompiler.Debug = "True"
		Release.AspNetCompiler.VirtualPath = "/localhost_50361"
		Release.AspNetCompiler.PhysicalPath = "..\timer\"
		Release.AspNetCompiler.TargetPath = "PrecompiledWeb\localhost_50361\"
		Release.AspNetCompiler.Updateable = "true"
		Release.AspNetCompiler.ForceOverwrite = "true"
		Release.AspNetCompiler.FixedNames = "false"
		Release.AspNetCompiler.Debug = "False"
		VWDPort = "50361"
		SlnRelativePath = "..\timer\"
		DefaultWebSiteLanguage = "Visual C#"
	EndProjectSection
EndProject
Project("{FAE04EC0-301F-11D3-BF4B-00C04F79EFBC}") = "coverage", "x-cluded\coverage\coverage.csproj", "{5DF4889C-0D24-4F1D-A78A-0D9B142399F1}"
EndProject
Global
	GlobalSection(SolutionConfigurationPlatforms) = preSolution
		Debug|Any CPU = Debug|Any CPU
		Release|Any CPU = Release|Any CPU
	EndGlobalSection
	GlobalSection(ProjectConfigurationPlatforms) = postSolution
		{747889FC-BFB5-4284-BD17-90447505B304}.Debug|Any CPU.ActiveCfg = Debug|Any CPU
		{747889FC-BFB5-4284-BD17-90447505B304}.Debug|Any CPU.Build.0 = Debug|Any CPU
		{747889FC-BFB5-4284-BD17-90447505B304}.Release|Any CPU.ActiveCfg = Debug|Any CPU
		{747889FC-BFB5-4284-BD17-90447505B304}.Release|Any CPU.Build.0 = Debug|Any CPU
		{5DF4889C-0D24-4F1D-A78A-0D9B142399F1}.Debug|Any CPU.ActiveCfg = Debug|Any CPU
		{5DF4889C-0D24-4F1D-A78A-0D9B142399F1}.Debug|Any CPU.Build.0 = Debug|Any CPU
		{5DF4889C-0D24-4F1D-A78A-0D9B142399F1}.Release|Any CPU.ActiveCfg = Release|Any CPU
		{5DF4889C-0D24-4F1D-A78A-0D9B142399F1}.Release|Any CPU.Build.0 = Release|Any CPU
	EndGlobalSection
	GlobalSection(SolutionProperties) = preSolution
		HideSolutionNode = FALSE
	EndGlobalSection
EndGlobal
